
Microsoft Visual Studio Solution File, Format Version 12.00
# Visual Studio 15
VisualStudioVersion = 15.0.26430.6
MinimumVisualStudioVersion = 10.0.40219.1
Project("{FAE04EC0-301F-11D3-BF4B-00C04F79EFBC}") = "WixUI", "WixUI\WixUI.csproj", "{9EA26E02-1396-49C1-BAF4-B651D72ECDB5}"
EndProject
Project("{9A19103F-16F7-4668-BE54-9A1E7A4F7556}") = "WpfConverters", "..\WPFUtilities\WpfConverters\WpfConverters.csproj", "{6CDF56DD-AD03-4A16-ADB8-9D1F95C1C490}"
EndProject
Project("{9A19103F-16F7-4668-BE54-9A1E7A4F7556}") = "J4JUI", "..\WPFUtilities\J4JUI\J4JUI.csproj", "{5A7A64F1-1593-4DD9-B2B0-CBA2F8E0FE94}"
EndProject
Project("{FAE04EC0-301F-11D3-BF4B-00C04F79EFBC}") = "ClassLibrary1", "ClassLibrary1\ClassLibrary1.csproj", "{66EB0F48-8104-4F10-9455-E6E1CCB2C9DD}"
EndProject
Global
	GlobalSection(SolutionConfigurationPlatforms) = preSolution
		Debug|Any CPU = Debug|Any CPU
		Release|Any CPU = Release|Any CPU
	EndGlobalSection
	GlobalSection(ProjectConfigurationPlatforms) = postSolution
		{9EA26E02-1396-49C1-BAF4-B651D72ECDB5}.Debug|Any CPU.ActiveCfg = Debug|Any CPU
		{9EA26E02-1396-49C1-BAF4-B651D72ECDB5}.Debug|Any CPU.Build.0 = Debug|Any CPU
		{9EA26E02-1396-49C1-BAF4-B651D72ECDB5}.Release|Any CPU.ActiveCfg = Release|Any CPU
		{9EA26E02-1396-49C1-BAF4-B651D72ECDB5}.Release|Any CPU.Build.0 = Release|Any CPU
		{6CDF56DD-AD03-4A16-ADB8-9D1F95C1C490}.Debug|Any CPU.ActiveCfg = Debug|Any CPU
		{6CDF56DD-AD03-4A16-ADB8-9D1F95C1C490}.Debug|Any CPU.Build.0 = Debug|Any CPU
		{6CDF56DD-AD03-4A16-ADB8-9D1F95C1C490}.Release|Any CPU.ActiveCfg = Release|Any CPU
		{6CDF56DD-AD03-4A16-ADB8-9D1F95C1C490}.Release|Any CPU.Build.0 = Release|Any CPU
		{5A7A64F1-1593-4DD9-B2B0-CBA2F8E0FE94}.Debug|Any CPU.ActiveCfg = Debug|Any CPU
		{5A7A64F1-1593-4DD9-B2B0-CBA2F8E0FE94}.Debug|Any CPU.Build.0 = Debug|Any CPU
		{5A7A64F1-1593-4DD9-B2B0-CBA2F8E0FE94}.Release|Any CPU.ActiveCfg = Release|Any CPU
		{5A7A64F1-1593-4DD9-B2B0-CBA2F8E0FE94}.Release|Any CPU.Build.0 = Release|Any CPU
		{66EB0F48-8104-4F10-9455-E6E1CCB2C9DD}.Debug|Any CPU.ActiveCfg = Debug|Any CPU
		{66EB0F48-8104-4F10-9455-E6E1CCB2C9DD}.Debug|Any CPU.Build.0 = Debug|Any CPU
		{66EB0F48-8104-4F10-9455-E6E1CCB2C9DD}.Release|Any CPU.ActiveCfg = Release|Any CPU
		{66EB0F48-8104-4F10-9455-E6E1CCB2C9DD}.Release|Any CPU.Build.0 = Release|Any CPU
	EndGlobalSection
	GlobalSection(SolutionProperties) = preSolution
		HideSolutionNode = FALSE
	EndGlobalSection
EndGlobal
